// !$*UTF8*$!
{
	archiveVersion = 1;
	classes = {
	};
	objectVersion = 50;
	objects = {

/* Begin PBXBuildFile section */
		16DE8F53217CC3FB004FD916 /* AppDelegate.swift in Sources */ = {isa = PBXBuildFile; fileRef = 16DE8F52217CC3FB004FD916 /* AppDelegate.swift */; };
		16DE8F58217CC3FB004FD916 /* Main.storyboard in Resources */ = {isa = PBXBuildFile; fileRef = 16DE8F56217CC3FB004FD916 /* Main.storyboard */; };
		16DE8F5B217CC3FB004FD916 /* MVCExample.xcdatamodeld in Sources */ = {isa = PBXBuildFile; fileRef = 16DE8F59217CC3FB004FD916 /* MVCExample.xcdatamodeld */; };
		16DE8F5D217CC3FD004FD916 /* Assets.xcassets in Resources */ = {isa = PBXBuildFile; fileRef = 16DE8F5C217CC3FD004FD916 /* Assets.xcassets */; };
		16DE8F60217CC3FD004FD916 /* LaunchScreen.storyboard in Resources */ = {isa = PBXBuildFile; fileRef = 16DE8F5E217CC3FD004FD916 /* LaunchScreen.storyboard */; };
		16DE8F6B217CC3FD004FD916 /* MVCExampleTests.swift in Sources */ = {isa = PBXBuildFile; fileRef = 16DE8F6A217CC3FD004FD916 /* MVCExampleTests.swift */; };
		16DE8F76217CC3FD004FD916 /* MVCExampleUITests.swift in Sources */ = {isa = PBXBuildFile; fileRef = 16DE8F75217CC3FD004FD916 /* MVCExampleUITests.swift */; };
		16DE8F88217CD9E2004FD916 /* Default-568h@2x.png in Resources */ = {isa = PBXBuildFile; fileRef = 16DE8F87217CD9E2004FD916 /* Default-568h@2x.png */; };
		16DE8F8A217CDAA7004FD916 /* Todo.swift in Sources */ = {isa = PBXBuildFile; fileRef = 16DE8F89217CDAA7004FD916 /* Todo.swift */; };
		16DE8F8C217CDCEC004FD916 /* TodoModel.swift in Sources */ = {isa = PBXBuildFile; fileRef = 16DE8F8B217CDCEB004FD916 /* TodoModel.swift */; };
		16DE8F8E217CE172004FD916 /* TodoViewController.swift in Sources */ = {isa = PBXBuildFile; fileRef = 16DE8F8D217CE172004FD916 /* TodoViewController.swift */; };
		16DE8F90217CE8E9004FD916 /* AddTodoViewController.swift in Sources */ = {isa = PBXBuildFile; fileRef = 16DE8F8F217CE8E9004FD916 /* AddTodoViewController.swift */; };
		488A036CEBA71973E0A9A1D1 /* Pods_MVCExample.framework in Frameworks */ = {isa = PBXBuildFile; fileRef = 76A93392509F29CA6F1B2115 /* Pods_MVCExample.framework */; };
		94F770E6B480A13E20E7B96F /* Pods_MVCExampleUITests.framework in Frameworks */ = {isa = PBXBuildFile; fileRef = 05D0676B2A9B8D09237F85B3 /* Pods_MVCExampleUITests.framework */; };
		B6150AB84477883C6FA980EA /* Pods_MVCExampleTests.framework in Frameworks */ = {isa = PBXBuildFile; fileRef = F3CD1291480BA546462437F2 /* Pods_MVCExampleTests.framework */; };
/* End PBXBuildFile section */

/* Begin PBXContainerItemProxy section */
		16DE8F67217CC3FD004FD916 /* PBXContainerItemProxy */ = {
			isa = PBXContainerItemProxy;
			containerPortal = 16DE8F47217CC3FB004FD916 /* Project object */;
			proxyType = 1;
			remoteGlobalIDString = 16DE8F4E217CC3FB004FD916;
			remoteInfo = MVCExample;
		};
		16DE8F72217CC3FD004FD916 /* PBXContainerItemProxy */ = {
			isa = PBXContainerItemProxy;
			containerPortal = 16DE8F47217CC3FB004FD916 /* Project object */;
			proxyType = 1;
			remoteGlobalIDString = 16DE8F4E217CC3FB004FD916;
			remoteInfo = MVCExample;
		};
/* End PBXContainerItemProxy section */

/* Begin PBXFileReference section */
		05D0676B2A9B8D09237F85B3 /* Pods_MVCExampleUITests.framework */ = {isa = PBXFileReference; explicitFileType = wrapper.framework; includeInIndex = 0; path = Pods_MVCExampleUITests.framework; sourceTree = BUILT_PRODUCTS_DIR; };
		16DE8F4F217CC3FB004FD916 /* MVCExample.app */ = {isa = PBXFileReference; explicitFileType = wrapper.application; includeInIndex = 0; path = MVCExample.app; sourceTree = BUILT_PRODUCTS_DIR; };
		16DE8F52217CC3FB004FD916 /* AppDelegate.swift */ = {isa = PBXFileReference; lastKnownFileType = sourcecode.swift; path = AppDelegate.swift; sourceTree = "<group>"; };
		16DE8F57217CC3FB004FD916 /* Base */ = {isa = PBXFileReference; lastKnownFileType = file.storyboard; name = Base; path = Base.lproj/Main.storyboard; sourceTree = "<group>"; };
		16DE8F5A217CC3FB004FD916 /* MVCExample.xcdatamodel */ = {isa = PBXFileReference; lastKnownFileType = wrapper.xcdatamodel; path = MVCExample.xcdatamodel; sourceTree = "<group>"; };
		16DE8F5C217CC3FD004FD916 /* Assets.xcassets */ = {isa = PBXFileReference; lastKnownFileType = folder.assetcatalog; path = Assets.xcassets; sourceTree = "<group>"; };
		16DE8F5F217CC3FD004FD916 /* Base */ = {isa = PBXFileReference; lastKnownFileType = file.storyboard; name = Base; path = Base.lproj/LaunchScreen.storyboard; sourceTree = "<group>"; };
		16DE8F61217CC3FD004FD916 /* Info.plist */ = {isa = PBXFileReference; lastKnownFileType = text.plist.xml; path = Info.plist; sourceTree = "<group>"; };
		16DE8F66217CC3FD004FD916 /* MVCExampleTests.xctest */ = {isa = PBXFileReference; explicitFileType = wrapper.cfbundle; includeInIndex = 0; path = MVCExampleTests.xctest; sourceTree = BUILT_PRODUCTS_DIR; };
		16DE8F6A217CC3FD004FD916 /* MVCExampleTests.swift */ = {isa = PBXFileReference; lastKnownFileType = sourcecode.swift; path = MVCExampleTests.swift; sourceTree = "<group>"; };
		16DE8F6C217CC3FD004FD916 /* Info.plist */ = {isa = PBXFileReference; lastKnownFileType = text.plist.xml; path = Info.plist; sourceTree = "<group>"; };
		16DE8F71217CC3FD004FD916 /* MVCExampleUITests.xctest */ = {isa = PBXFileReference; explicitFileType = wrapper.cfbundle; includeInIndex = 0; path = MVCExampleUITests.xctest; sourceTree = BUILT_PRODUCTS_DIR; };
		16DE8F75217CC3FD004FD916 /* MVCExampleUITests.swift */ = {isa = PBXFileReference; lastKnownFileType = sourcecode.swift; path = MVCExampleUITests.swift; sourceTree = "<group>"; };
		16DE8F77217CC3FD004FD916 /* Info.plist */ = {isa = PBXFileReference; lastKnownFileType = text.plist.xml; path = Info.plist; sourceTree = "<group>"; };
		16DE8F87217CD9E2004FD916 /* Default-568h@2x.png */ = {isa = PBXFileReference; lastKnownFileType = image.png; path = "Default-568h@2x.png"; sourceTree = "<group>"; };
		16DE8F89217CDAA7004FD916 /* Todo.swift */ = {isa = PBXFileReference; lastKnownFileType = sourcecode.swift; path = Todo.swift; sourceTree = "<group>"; };
		16DE8F8B217CDCEB004FD916 /* TodoModel.swift */ = {isa = PBXFileReference; lastKnownFileType = sourcecode.swift; path = TodoModel.swift; sourceTree = "<group>"; };
		16DE8F8D217CE172004FD916 /* TodoViewController.swift */ = {isa = PBXFileReference; fileEncoding = 4; lastKnownFileType = sourcecode.swift; path = TodoViewController.swift; sourceTree = "<group>"; };
		16DE8F8F217CE8E9004FD916 /* AddTodoViewController.swift */ = {isa = PBXFileReference; lastKnownFileType = sourcecode.swift; path = AddTodoViewController.swift; sourceTree = "<group>"; };
		17B026B19236112A0B6F7B29 /* Pods-MVCExampleTests.debug.xcconfig */ = {isa = PBXFileReference; includeInIndex = 1; lastKnownFileType = text.xcconfig; name = "Pods-MVCExampleTests.debug.xcconfig"; path = "Pods/Target Support Files/Pods-MVCExampleTests/Pods-MVCExampleTests.debug.xcconfig"; sourceTree = "<group>"; };
		308C34EF479A396C882316CE /* Pods-MVCExampleUITests.debug.xcconfig */ = {isa = PBXFileReference; includeInIndex = 1; lastKnownFileType = text.xcconfig; name = "Pods-MVCExampleUITests.debug.xcconfig"; path = "Pods/Target Support Files/Pods-MVCExampleUITests/Pods-MVCExampleUITests.debug.xcconfig"; sourceTree = "<group>"; };
		704D14B8CEE7973139AB6ABE /* Pods-MVCExample.release.xcconfig */ = {isa = PBXFileReference; includeInIndex = 1; lastKnownFileType = text.xcconfig; name = "Pods-MVCExample.release.xcconfig"; path = "Pods/Target Support Files/Pods-MVCExample/Pods-MVCExample.release.xcconfig"; sourceTree = "<group>"; };
		76A93392509F29CA6F1B2115 /* Pods_MVCExample.framework */ = {isa = PBXFileReference; explicitFileType = wrapper.framework; includeInIndex = 0; path = Pods_MVCExample.framework; sourceTree = BUILT_PRODUCTS_DIR; };
		8EE7F341EA85A435FA2511E7 /* Pods-MVCExampleTests.release.xcconfig */ = {isa = PBXFileReference; includeInIndex = 1; lastKnownFileType = text.xcconfig; name = "Pods-MVCExampleTests.release.xcconfig"; path = "Pods/Target Support Files/Pods-MVCExampleTests/Pods-MVCExampleTests.release.xcconfig"; sourceTree = "<group>"; };
		AEDDCCBC0AA6B8F48DCF576F /* Pods-MVCExampleUITests.release.xcconfig */ = {isa = PBXFileReference; includeInIndex = 1; lastKnownFileType = text.xcconfig; name = "Pods-MVCExampleUITests.release.xcconfig"; path = "Pods/Target Support Files/Pods-MVCExampleUITests/Pods-MVCExampleUITests.release.xcconfig"; sourceTree = "<group>"; };
		C722DF559E20B53A48E67435 /* Pods-MVCExample.debug.xcconfig */ = {isa = PBXFileReference; includeInIndex = 1; lastKnownFileType = text.xcconfig; name = "Pods-MVCExample.debug.xcconfig"; path = "Pods/Target Support Files/Pods-MVCExample/Pods-MVCExample.debug.xcconfig"; sourceTree = "<group>"; };
		F3CD1291480BA546462437F2 /* Pods_MVCExampleTests.framework */ = {isa = PBXFileReference; explicitFileType = wrapper.framework; includeInIndex = 0; path = Pods_MVCExampleTests.framework; sourceTree = BUILT_PRODUCTS_DIR; };
/* End PBXFileReference section */

/* Begin PBXFrameworksBuildPhase section */
		16DE8F4C217CC3FB004FD916 /* Frameworks */ = {
			isa = PBXFrameworksBuildPhase;
			buildActionMask = 2147483647;
			files = (
				488A036CEBA71973E0A9A1D1 /* Pods_MVCExample.framework in Frameworks */,
			);
			runOnlyForDeploymentPostprocessing = 0;
		};
		16DE8F63217CC3FD004FD916 /* Frameworks */ = {
			isa = PBXFrameworksBuildPhase;
			buildActionMask = 2147483647;
			files = (
				B6150AB84477883C6FA980EA /* Pods_MVCExampleTests.framework in Frameworks */,
			);
			runOnlyForDeploymentPostprocessing = 0;
		};
		16DE8F6E217CC3FD004FD916 /* Frameworks */ = {
			isa = PBXFrameworksBuildPhase;
			buildActionMask = 2147483647;
			files = (
				94F770E6B480A13E20E7B96F /* Pods_MVCExampleUITests.framework in Frameworks */,
			);
			runOnlyForDeploymentPostprocessing = 0;
		};
/* End PBXFrameworksBuildPhase section */

/* Begin PBXGroup section */
		16DE8F46217CC3FB004FD916 = {
			isa = PBXGroup;
			children = (
				16DE8F87217CD9E2004FD916 /* Default-568h@2x.png */,
				16DE8F51217CC3FB004FD916 /* MVCExample */,
				16DE8F69217CC3FD004FD916 /* MVCExampleTests */,
				16DE8F74217CC3FD004FD916 /* MVCExampleUITests */,
				16DE8F50217CC3FB004FD916 /* Products */,
				D1C7AD759C056306BA52344E /* Pods */,
				5B459EF84F340035916848D7 /* Frameworks */,
			);
			sourceTree = "<group>";
		};
		16DE8F50217CC3FB004FD916 /* Products */ = {
			isa = PBXGroup;
			children = (
				16DE8F4F217CC3FB004FD916 /* MVCExample.app */,
				16DE8F66217CC3FD004FD916 /* MVCExampleTests.xctest */,
				16DE8F71217CC3FD004FD916 /* MVCExampleUITests.xctest */,
			);
			name = Products;
			sourceTree = "<group>";
		};
		16DE8F51217CC3FB004FD916 /* MVCExample */ = {
			isa = PBXGroup;
			children = (
				16DE8F61217CC3FD004FD916 /* Info.plist */,
				16DE8F86217CC485004FD916 /* Supporting Files */,
				16DE8F85217CC424004FD916 /* Main */,
				16DE8F84217CC41A004FD916 /* Controller */,
				16DE8F83217CC40D004FD916 /* Model */,
			);
			path = MVCExample;
			sourceTree = "<group>";
		};
		16DE8F69217CC3FD004FD916 /* MVCExampleTests */ = {
			isa = PBXGroup;
			children = (
				16DE8F6A217CC3FD004FD916 /* MVCExampleTests.swift */,
				16DE8F6C217CC3FD004FD916 /* Info.plist */,
			);
			path = MVCExampleTests;
			sourceTree = "<group>";
		};
		16DE8F74217CC3FD004FD916 /* MVCExampleUITests */ = {
			isa = PBXGroup;
			children = (
				16DE8F75217CC3FD004FD916 /* MVCExampleUITests.swift */,
				16DE8F77217CC3FD004FD916 /* Info.plist */,
			);
			path = MVCExampleUITests;
			sourceTree = "<group>";
		};
		16DE8F83217CC40D004FD916 /* Model */ = {
			isa = PBXGroup;
			children = (
				16DE8F8B217CDCEB004FD916 /* TodoModel.swift */,
				16DE8F89217CDAA7004FD916 /* Todo.swift */,
			);
			path = Model;
			sourceTree = "<group>";
		};
		16DE8F84217CC41A004FD916 /* Controller */ = {
			isa = PBXGroup;
			children = (
				16DE8F8D217CE172004FD916 /* TodoViewController.swift */,
				16DE8F8F217CE8E9004FD916 /* AddTodoViewController.swift */,
			);
			path = Controller;
			sourceTree = "<group>";
		};
		16DE8F85217CC424004FD916 /* Main */ = {
			isa = PBXGroup;
			children = (
				16DE8F56217CC3FB004FD916 /* Main.storyboard */,
			);
			path = Main;
			sourceTree = "<group>";
		};
		16DE8F86217CC485004FD916 /* Supporting Files */ = {
			isa = PBXGroup;
			children = (
				16DE8F52217CC3FB004FD916 /* AppDelegate.swift */,
				16DE8F5C217CC3FD004FD916 /* Assets.xcassets */,
				16DE8F5E217CC3FD004FD916 /* LaunchScreen.storyboard */,
				16DE8F59217CC3FB004FD916 /* MVCExample.xcdatamodeld */,
			);
			path = "Supporting Files";
			sourceTree = "<group>";
		};
		5B459EF84F340035916848D7 /* Frameworks */ = {
			isa = PBXGroup;
			children = (
				76A93392509F29CA6F1B2115 /* Pods_MVCExample.framework */,
				F3CD1291480BA546462437F2 /* Pods_MVCExampleTests.framework */,
				05D0676B2A9B8D09237F85B3 /* Pods_MVCExampleUITests.framework */,
			);
			name = Frameworks;
			sourceTree = "<group>";
		};
		D1C7AD759C056306BA52344E /* Pods */ = {
			isa = PBXGroup;
			children = (
				C722DF559E20B53A48E67435 /* Pods-MVCExample.debug.xcconfig */,
				704D14B8CEE7973139AB6ABE /* Pods-MVCExample.release.xcconfig */,
				17B026B19236112A0B6F7B29 /* Pods-MVCExampleTests.debug.xcconfig */,
				8EE7F341EA85A435FA2511E7 /* Pods-MVCExampleTests.release.xcconfig */,
				308C34EF479A396C882316CE /* Pods-MVCExampleUITests.debug.xcconfig */,
				AEDDCCBC0AA6B8F48DCF576F /* Pods-MVCExampleUITests.release.xcconfig */,
			);
			name = Pods;
			sourceTree = "<group>";
		};
/* End PBXGroup section */

/* Begin PBXNativeTarget section */
		16DE8F4E217CC3FB004FD916 /* MVCExample */ = {
			isa = PBXNativeTarget;
			buildConfigurationList = 16DE8F7A217CC3FD004FD916 /* Build configuration list for PBXNativeTarget "MVCExample" */;
			buildPhases = (
				B3E0BEBFD5DAEE6C8E2C7FD4 /* [CP] Check Pods Manifest.lock */,
				16DE8F4B217CC3FB004FD916 /* Sources */,
				16DE8F4C217CC3FB004FD916 /* Frameworks */,
				16DE8F4D217CC3FB004FD916 /* Resources */,
				56C77E01A3AA3B43B83A1A47 /* [CP] Embed Pods Frameworks */,
			);
			buildRules = (
			);
			dependencies = (
			);
			name = MVCExample;
			productName = MVCExample;
			productReference = 16DE8F4F217CC3FB004FD916 /* MVCExample.app */;
			productType = "com.apple.product-type.application";
		};
		16DE8F65217CC3FD004FD916 /* MVCExampleTests */ = {
			isa = PBXNativeTarget;
			buildConfigurationList = 16DE8F7D217CC3FD004FD916 /* Build configuration list for PBXNativeTarget "MVCExampleTests" */;
			buildPhases = (
				0792931521756B505F83B42E /* [CP] Check Pods Manifest.lock */,
				16DE8F62217CC3FD004FD916 /* Sources */,
				16DE8F63217CC3FD004FD916 /* Frameworks */,
				16DE8F64217CC3FD004FD916 /* Resources */,
			);
			buildRules = (
			);
			dependencies = (
				16DE8F68217CC3FD004FD916 /* PBXTargetDependency */,
			);
			name = MVCExampleTests;
			productName = MVCExampleTests;
			productReference = 16DE8F66217CC3FD004FD916 /* MVCExampleTests.xctest */;
			productType = "com.apple.product-type.bundle.unit-test";
		};
		16DE8F70217CC3FD004FD916 /* MVCExampleUITests */ = {
			isa = PBXNativeTarget;
			buildConfigurationList = 16DE8F80217CC3FD004FD916 /* Build configuration list for PBXNativeTarget "MVCExampleUITests" */;
			buildPhases = (
				43F6B9F25D86E1C801E86FAF /* [CP] Check Pods Manifest.lock */,
				16DE8F6D217CC3FD004FD916 /* Sources */,
				16DE8F6E217CC3FD004FD916 /* Frameworks */,
				16DE8F6F217CC3FD004FD916 /* Resources */,
			);
			buildRules = (
			);
			dependencies = (
				16DE8F73217CC3FD004FD916 /* PBXTargetDependency */,
			);
			name = MVCExampleUITests;
			productName = MVCExampleUITests;
			productReference = 16DE8F71217CC3FD004FD916 /* MVCExampleUITests.xctest */;
			productType = "com.apple.product-type.bundle.ui-testing";
		};
/* End PBXNativeTarget section */

/* Begin PBXProject section */
		16DE8F47217CC3FB004FD916 /* Project object */ = {
			isa = PBXProject;
			attributes = {
				LastSwiftUpdateCheck = 1000;
				LastUpgradeCheck = 1000;
				ORGANIZATIONNAME = "Çağatay Emekci";
				TargetAttributes = {
					16DE8F4E217CC3FB004FD916 = {
						CreatedOnToolsVersion = 10.0;
					};
					16DE8F65217CC3FD004FD916 = {
						CreatedOnToolsVersion = 10.0;
						TestTargetID = 16DE8F4E217CC3FB004FD916;
					};
					16DE8F70217CC3FD004FD916 = {
						CreatedOnToolsVersion = 10.0;
						TestTargetID = 16DE8F4E217CC3FB004FD916;
					};
				};
			};
			buildConfigurationList = 16DE8F4A217CC3FB004FD916 /* Build configuration list for PBXProject "MVCExample" */;
			compatibilityVersion = "Xcode 9.3";
			developmentRegion = en;
			hasScannedForEncodings = 0;
			knownRegions = (
				en,
				Base,
			);
			mainGroup = 16DE8F46217CC3FB004FD916;
			productRefGroup = 16DE8F50217CC3FB004FD916 /* Products */;
			projectDirPath = "";
			projectRoot = "";
			targets = (
				16DE8F4E217CC3FB004FD916 /* MVCExample */,
				16DE8F65217CC3FD004FD916 /* MVCExampleTests */,
				16DE8F70217CC3FD004FD916 /* MVCExampleUITests */,
			);
		};
/* End PBXProject section */

/* Begin PBXResourcesBuildPhase section */
		16DE8F4D217CC3FB004FD916 /* Resources */ = {
			isa = PBXResourcesBuildPhase;
			buildActionMask = 2147483647;
			files = (
				16DE8F60217CC3FD004FD916 /* LaunchScreen.storyboard in Resources */,
				16DE8F88217CD9E2004FD916 /* Default-568h@2x.png in Resources */,
				16DE8F5D217CC3FD004FD916 /* Assets.xcassets in Resources */,
				16DE8F58217CC3FB004FD916 /* Main.storyboard in Resources */,
			);
			runOnlyForDeploymentPostprocessing = 0;
		};
		16DE8F64217CC3FD004FD916 /* Resources */ = {
			isa = PBXResourcesBuildPhase;
			buildActionMask = 2147483647;
			files = (
			);
			runOnlyForDeploymentPostprocessing = 0;
		};
		16DE8F6F217CC3FD004FD916 /* Resources */ = {
			isa = PBXResourcesBuildPhase;
			buildActionMask = 2147483647;
			files = (
			);
			runOnlyForDeploymentPostprocessing = 0;
		};
/* End PBXResourcesBuildPhase section */

/* Begin PBXShellScriptBuildPhase section */
		0792931521756B505F83B42E /* [CP] Check Pods Manifest.lock */ = {
			isa = PBXShellScriptBuildPhase;
			buildActionMask = 2147483647;
			files = (
			);
			inputPaths = (
				"${PODS_PODFILE_DIR_PATH}/Podfile.lock",
				"${PODS_ROOT}/Manifest.lock",
			);
			name = "[CP] Check Pods Manifest.lock";
			outputPaths = (
				"$(DERIVED_FILE_DIR)/Pods-MVCExampleTests-checkManifestLockResult.txt",
			);
			runOnlyForDeploymentPostprocessing = 0;
			shellPath = /bin/sh;
			shellScript = "diff \"${PODS_PODFILE_DIR_PATH}/Podfile.lock\" \"${PODS_ROOT}/Manifest.lock\" > /dev/null\nif [ $? != 0 ] ; then\n    # print error to STDERR\n    echo \"error: The sandbox is not in sync with the Podfile.lock. Run 'pod install' or update your CocoaPods installation.\" >&2\n    exit 1\nfi\n# This output is used by Xcode 'outputs' to avoid re-running this script phase.\necho \"SUCCESS\" > \"${SCRIPT_OUTPUT_FILE_0}\"\n";
			showEnvVarsInLog = 0;
		};
		43F6B9F25D86E1C801E86FAF /* [CP] Check Pods Manifest.lock */ = {
			isa = PBXShellScriptBuildPhase;
			buildActionMask = 2147483647;
			files = (
			);
			inputPaths = (
				"${PODS_PODFILE_DIR_PATH}/Podfile.lock",
				"${PODS_ROOT}/Manifest.lock",
			);
			name = "[CP] Check Pods Manifest.lock";
			outputPaths = (
				"$(DERIVED_FILE_DIR)/Pods-MVCExampleUITests-checkManifestLockResult.txt",
			);
			runOnlyForDeploymentPostprocessing = 0;
			shellPath = /bin/sh;
			shellScript = "diff \"${PODS_PODFILE_DIR_PATH}/Podfile.lock\" \"${PODS_ROOT}/Manifest.lock\" > /dev/null\nif [ $? != 0 ] ; then\n    # print error to STDERR\n    echo \"error: The sandbox is not in sync with the Podfile.lock. Run 'pod install' or update your CocoaPods installation.\" >&2\n    exit 1\nfi\n# This output is used by Xcode 'outputs' to avoid re-running this script phase.\necho \"SUCCESS\" > \"${SCRIPT_OUTPUT_FILE_0}\"\n";
			showEnvVarsInLog = 0;
		};
		56C77E01A3AA3B43B83A1A47 /* [CP] Embed Pods Frameworks */ = {
			isa = PBXShellScriptBuildPhase;
			buildActionMask = 2147483647;
			files = (
			);
			inputPaths = (
				"${SRCROOT}/Pods/Target Support Files/Pods-MVCExample/Pods-MVCExample-frameworks.sh",
				"${BUILT_PRODUCTS_DIR}/Alamofire/Alamofire.framework",
				"${BUILT_PRODUCTS_DIR}/SwiftyJSON/SwiftyJSON.framework",
			);
			name = "[CP] Embed Pods Frameworks";
			outputPaths = (
				"${TARGET_BUILD_DIR}/${FRAMEWORKS_FOLDER_PATH}/Alamofire.framework",
				"${TARGET_BUILD_DIR}/${FRAMEWORKS_FOLDER_PATH}/SwiftyJSON.framework",
			);
			runOnlyForDeploymentPostprocessing = 0;
			shellPath = /bin/sh;
			shellScript = "\"${SRCROOT}/Pods/Target Support Files/Pods-MVCExample/Pods-MVCExample-frameworks.sh\"\n";
			showEnvVarsInLog = 0;
		};
		B3E0BEBFD5DAEE6C8E2C7FD4 /* [CP] Check Pods Manifest.lock */ = {
			isa = PBXShellScriptBuildPhase;
			buildActionMask = 2147483647;
			files = (
			);
			inputPaths = (
				"${PODS_PODFILE_DIR_PATH}/Podfile.lock",
				"${PODS_ROOT}/Manifest.lock",
			);
			name = "[CP] Check Pods Manifest.lock";
			outputPaths = (
				"$(DERIVED_FILE_DIR)/Pods-MVCExample-checkManifestLockResult.txt",
			);
			runOnlyForDeploymentPostprocessing = 0;
			shellPath = /bin/sh;
			shellScript = "diff \"${PODS_PODFILE_DIR_PATH}/Podfile.lock\" \"${PODS_ROOT}/Manifest.lock\" > /dev/null\nif [ $? != 0 ] ; then\n    # print error to STDERR\n    echo \"error: The sandbox is not in sync with the Podfile.lock. Run 'pod install' or update your CocoaPods installation.\" >&2\n    exit 1\nfi\n# This output is used by Xcode 'outputs' to avoid re-running this script phase.\necho \"SUCCESS\" > \"${SCRIPT_OUTPUT_FILE_0}\"\n";
			showEnvVarsInLog = 0;
		};
/* End PBXShellScriptBuildPhase section */

/* Begin PBXSourcesBuildPhase section */
		16DE8F4B217CC3FB004FD916 /* Sources */ = {
			isa = PBXSourcesBuildPhase;
			buildActionMask = 2147483647;
			files = (
				16DE8F8E217CE172004FD916 /* TodoViewController.swift in Sources */,
				16DE8F5B217CC3FB004FD916 /* MVCExample.xcdatamodeld in Sources */,
				16DE8F8C217CDCEC004FD916 /* TodoModel.swift in Sources */,
				16DE8F53217CC3FB004FD916 /* AppDelegate.swift in Sources */,
				16DE8F90217CE8E9004FD916 /* AddTodoViewController.swift in Sources */,
				16DE8F8A217CDAA7004FD916 /* Todo.swift in Sources */,
			);
			runOnlyForDeploymentPostprocessing = 0;
		};
		16DE8F62217CC3FD004FD916 /* Sources */ = {
			isa = PBXSourcesBuildPhase;
			buildActionMask = 2147483647;
			files = (
				16DE8F6B217CC3FD004FD916 /* MVCExampleTests.swift in Sources */,
			);
			runOnlyForDeploymentPostprocessing = 0;
		};
		16DE8F6D217CC3FD004FD916 /* Sources */ = {
			isa = PBXSourcesBuildPhase;
			buildActionMask = 2147483647;
			files = (
				16DE8F76217CC3FD004FD916 /* MVCExampleUITests.swift in Sources */,
			);
			runOnlyForDeploymentPostprocessing = 0;
		};
/* End PBXSourcesBuildPhase section */

/* Begin PBXTargetDependency section */
		16DE8F68217CC3FD004FD916 /* PBXTargetDependency */ = {
			isa = PBXTargetDependency;
			target = 16DE8F4E217CC3FB004FD916 /* MVCExample */;
			targetProxy = 16DE8F67217CC3FD004FD916 /* PBXContainerItemProxy */;
		};
		16DE8F73217CC3FD004FD916 /* PBXTargetDependency */ = {
			isa = PBXTargetDependency;
			target = 16DE8F4E217CC3FB004FD916 /* MVCExample */;
			targetProxy = 16DE8F72217CC3FD004FD916 /* PBXContainerItemProxy */;
		};
/* End PBXTargetDependency section */

/* Begin PBXVariantGroup section */
		16DE8F56217CC3FB004FD916 /* Main.storyboard */ = {
			isa = PBXVariantGroup;
			children = (
				16DE8F57217CC3FB004FD916 /* Base */,
			);
			name = Main.storyboard;
			sourceTree = "<group>";
		};
		16DE8F5E217CC3FD004FD916 /* LaunchScreen.storyboard */ = {
			isa = PBXVariantGroup;
			children = (
				16DE8F5F217CC3FD004FD916 /* Base */,
			);
			name = LaunchScreen.storyboard;
			sourceTree = "<group>";
		};
/* End PBXVariantGroup section */

/* Begin XCBuildConfiguration section */
		16DE8F78217CC3FD004FD916 /* Debug */ = {
			isa = XCBuildConfiguration;
			buildSettings = {
				ALWAYS_SEARCH_USER_PATHS = NO;
				CLANG_ANALYZER_NONNULL = YES;
				CLANG_ANALYZER_NUMBER_OBJECT_CONVERSION = YES_AGGRESSIVE;
				CLANG_CXX_LANGUAGE_STANDARD = "gnu++14";
				CLANG_CXX_LIBRARY = "libc++";
				CLANG_ENABLE_MODULES = YES;
				CLANG_ENABLE_OBJC_ARC = YES;
				CLANG_ENABLE_OBJC_WEAK = YES;
				CLANG_WARN_BLOCK_CAPTURE_AUTORELEASING = YES;
				CLANG_WARN_BOOL_CONVERSION = YES;
				CLANG_WARN_COMMA = YES;
				CLANG_WARN_CONSTANT_CONVERSION = YES;
				CLANG_WARN_DEPRECATED_OBJC_IMPLEMENTATIONS = YES;
				CLANG_WARN_DIRECT_OBJC_ISA_USAGE = YES_ERROR;
				CLANG_WARN_DOCUMENTATION_COMMENTS = YES;
				CLANG_WARN_EMPTY_BODY = YES;
				CLANG_WARN_ENUM_CONVERSION = YES;
				CLANG_WARN_INFINITE_RECURSION = YES;
				CLANG_WARN_INT_CONVERSION = YES;
				CLANG_WARN_NON_LITERAL_NULL_CONVERSION = YES;
				CLANG_WARN_OBJC_IMPLICIT_RETAIN_SELF = YES;
				CLANG_WARN_OBJC_LITERAL_CONVERSION = YES;
				CLANG_WARN_OBJC_ROOT_CLASS = YES_ERROR;
				CLANG_WARN_RANGE_LOOP_ANALYSIS = YES;
				CLANG_WARN_STRICT_PROTOTYPES = YES;
				CLANG_WARN_SUSPICIOUS_MOVE = YES;
				CLANG_WARN_UNGUARDED_AVAILABILITY = YES_AGGRESSIVE;
				CLANG_WARN_UNREACHABLE_CODE = YES;
				CLANG_WARN__DUPLICATE_METHOD_MATCH = YES;
				CODE_SIGN_IDENTITY = "iPhone Developer";
				COPY_PHASE_STRIP = NO;
				DEBUG_INFORMATION_FORMAT = dwarf;
				ENABLE_STRICT_OBJC_MSGSEND = YES;
				ENABLE_TESTABILITY = YES;
				GCC_C_LANGUAGE_STANDARD = gnu11;
				GCC_DYNAMIC_NO_PIC = NO;
				GCC_NO_COMMON_BLOCKS = YES;
				GCC_OPTIMIZATION_LEVEL = 0;
				GCC_PREPROCESSOR_DEFINITIONS = (
					"DEBUG=1",
					"$(inherited)",
				);
				GCC_WARN_64_TO_32_BIT_CONVERSION = YES;
				GCC_WARN_ABOUT_RETURN_TYPE = YES_ERROR;
				GCC_WARN_UNDECLARED_SELECTOR = YES;
				GCC_WARN_UNINITIALIZED_AUTOS = YES_AGGRESSIVE;
				GCC_WARN_UNUSED_FUNCTION = YES;
				GCC_WARN_UNUSED_VARIABLE = YES;
				IPHONEOS_DEPLOYMENT_TARGET = 12.0;
				MTL_ENABLE_DEBUG_INFO = INCLUDE_SOURCE;
				MTL_FAST_MATH = YES;
				ONLY_ACTIVE_ARCH = YES;
				SDKROOT = iphoneos;
				SWIFT_ACTIVE_COMPILATION_CONDITIONS = DEBUG;
				SWIFT_OPTIMIZATION_LEVEL = "-Onone";
			};
			name = Debug;
		};
		16DE8F79217CC3FD004FD916 /* Release */ = {
			isa = XCBuildConfiguration;
			buildSettings = {
				ALWAYS_SEARCH_USER_PATHS = NO;
				CLANG_ANALYZER_NONNULL = YES;
				CLANG_ANALYZER_NUMBER_OBJECT_CONVERSION = YES_AGGRESSIVE;
				CLANG_CXX_LANGUAGE_STANDARD = "gnu++14";
				CLANG_CXX_LIBRARY = "libc++";
				CLANG_ENABLE_MODULES = YES;
				CLANG_ENABLE_OBJC_ARC = YES;
				CLANG_ENABLE_OBJC_WEAK = YES;
				CLANG_WARN_BLOCK_CAPTURE_AUTORELEASING = YES;
				CLANG_WARN_BOOL_CONVERSION = YES;
				CLANG_WARN_COMMA = YES;
				CLANG_WARN_CONSTANT_CONVERSION = YES;
				CLANG_WARN_DEPRECATED_OBJC_IMPLEMENTATIONS = YES;
				CLANG_WARN_DIRECT_OBJC_ISA_USAGE = YES_ERROR;
				CLANG_WARN_DOCUMENTATION_COMMENTS = YES;
				CLANG_WARN_EMPTY_BODY = YES;
				CLANG_WARN_ENUM_CONVERSION = YES;
				CLANG_WARN_INFINITE_RECURSION = YES;
				CLANG_WARN_INT_CONVERSION = YES;
				CLANG_WARN_NON_LITERAL_NULL_CONVERSION = YES;
				CLANG_WARN_OBJC_IMPLICIT_RETAIN_SELF = YES;
				CLANG_WARN_OBJC_LITERAL_CONVERSION = YES;
				CLANG_WARN_OBJC_ROOT_CLASS = YES_ERROR;
				CLANG_WARN_RANGE_LOOP_ANALYSIS = YES;
				CLANG_WARN_STRICT_PROTOTYPES = YES;
				CLANG_WARN_SUSPICIOUS_MOVE = YES;
				CLANG_WARN_UNGUARDED_AVAILABILITY = YES_AGGRESSIVE;
				CLANG_WARN_UNREACHABLE_CODE = YES;
				CLANG_WARN__DUPLICATE_METHOD_MATCH = YES;
				CODE_SIGN_IDENTITY = "iPhone Developer";
				COPY_PHASE_STRIP = NO;
				DEBUG_INFORMATION_FORMAT = "dwarf-with-dsym";
				ENABLE_NS_ASSERTIONS = NO;
				ENABLE_STRICT_OBJC_MSGSEND = YES;
				GCC_C_LANGUAGE_STANDARD = gnu11;
				GCC_NO_COMMON_BLOCKS = YES;
				GCC_WARN_64_TO_32_BIT_CONVERSION = YES;
				GCC_WARN_ABOUT_RETURN_TYPE = YES_ERROR;
				GCC_WARN_UNDECLARED_SELECTOR = YES;
				GCC_WARN_UNINITIALIZED_AUTOS = YES_AGGRESSIVE;
				GCC_WARN_UNUSED_FUNCTION = YES;
				GCC_WARN_UNUSED_VARIABLE = YES;
				IPHONEOS_DEPLOYMENT_TARGET = 12.0;
				MTL_ENABLE_DEBUG_INFO = NO;
				MTL_FAST_MATH = YES;
				SDKROOT = iphoneos;
				SWIFT_COMPILATION_MODE = wholemodule;
				SWIFT_OPTIMIZATION_LEVEL = "-O";
				VALIDATE_PRODUCT = YES;
			};
			name = Release;
		};
		16DE8F7B217CC3FD004FD916 /* Debug */ = {
			isa = XCBuildConfiguration;
			baseConfigurationReference = C722DF559E20B53A48E67435 /* Pods-MVCExample.debug.xcconfig */;
			buildSettings = {
				ASSETCATALOG_COMPILER_APPICON_NAME = AppIcon;
				CODE_SIGN_STYLE = Automatic;
				INFOPLIST_FILE = MVCExample/Info.plist;
				LD_RUNPATH_SEARCH_PATHS = (
					"$(inherited)",
					"@executable_path/Frameworks",
				);
				PRODUCT_BUNDLE_IDENTIFIER = com.tr.MVCExample;
				PRODUCT_NAME = "$(TARGET_NAME)";
				SWIFT_VERSION = 4.2;
				TARGETED_DEVICE_FAMILY = "1,2";
			};
			name = Debug;
		};
		16DE8F7C217CC3FD004FD916 /* Release */ = {
			isa = XCBuildConfiguration;
			baseConfigurationReference = 704D14B8CEE7973139AB6ABE /* Pods-MVCExample.release.xcconfig */;
			buildSettings = {
				ASSETCATALOG_COMPILER_APPICON_NAME = AppIcon;
				CODE_SIGN_STYLE = Automatic;
				INFOPLIST_FILE = MVCExample/Info.plist;
				LD_RUNPATH_SEARCH_PATHS = (
					"$(inherited)",
					"@executable_path/Frameworks",
				);
				PRODUCT_BUNDLE_IDENTIFIER = com.tr.MVCExample;
				PRODUCT_NAME = "$(TARGET_NAME)";
				SWIFT_VERSION = 4.2;
				TARGETED_DEVICE_FAMILY = "1,2";
			};
			name = Release;
		};
		16DE8F7E217CC3FD004FD916 /* Debug */ = {
			isa = XCBuildConfiguration;
			baseConfigurationReference = 17B026B19236112A0B6F7B29 /* Pods-MVCExampleTests.debug.xcconfig */;
			buildSettings = {
				ALWAYS_EMBED_SWIFT_STANDARD_LIBRARIES = YES;
				BUNDLE_LOADER = "$(TEST_HOST)";
				CODE_SIGN_STYLE = Automatic;
				INFOPLIST_FILE = MVCExampleTests/Info.plist;
				LD_RUNPATH_SEARCH_PATHS = (
					"$(inherited)",
					"@executable_path/Frameworks",
					"@loader_path/Frameworks",
				);
				PRODUCT_BUNDLE_IDENTIFIER = com.tr.MVCExampleTests;
				PRODUCT_NAME = "$(TARGET_NAME)";
				SWIFT_VERSION = 4.2;
				TARGETED_DEVICE_FAMILY = "1,2";
				TEST_HOST = "$(BUILT_PRODUCTS_DIR)/MVCExample.app/MVCExample";
			};
			name = Debug;
		};
		16DE8F7F217CC3FD004FD916 /* Release */ = {
			isa = XCBuildConfiguration;
			baseConfigurationReference = 8EE7F341EA85A435FA2511E7 /* Pods-MVCExampleTests.release.xcconfig */;
			buildSettings = {
				ALWAYS_EMBED_SWIFT_STANDARD_LIBRARIES = YES;
				BUNDLE_LOADER = "$(TEST_HOST)";
				CODE_SIGN_STYLE = Automatic;
				INFOPLIST_FILE = MVCExampleTests/Info.plist;
				LD_RUNPATH_SEARCH_PATHS = (
					"$(inherited)",
					"@executable_path/Frameworks",
					"@loader_path/Frameworks",
				);
				PRODUCT_BUNDLE_IDENTIFIER = com.tr.MVCExampleTests;
				PRODUCT_NAME = "$(TARGET_NAME)";
				SWIFT_VERSION = 4.2;
				TARGETED_DEVICE_FAMILY = "1,2";
				TEST_HOST = "$(BUILT_PRODUCTS_DIR)/MVCExample.app/MVCExample";
			};
			name = Release;
		};
		16DE8F81217CC3FD004FD916 /* Debug */ = {
			isa = XCBuildConfiguration;
			baseConfigurationReference = 308C34EF479A396C882316CE /* Pods-MVCExampleUITests.debug.xcconfig */;
			buildSettings = {
				ALWAYS_EMBED_SWIFT_STANDARD_LIBRARIES = YES;
				CODE_SIGN_STYLE = Automatic;
				INFOPLIST_FILE = MVCExampleUITests/Info.plist;
				LD_RUNPATH_SEARCH_PATHS = (
					"$(inherited)",
					"@executable_path/Frameworks",
					"@loader_path/Frameworks",
				);
				PRODUCT_BUNDLE_IDENTIFIER = com.tr.MVCExampleUITests;
				PRODUCT_NAME = "$(TARGET_NAME)";
				SWIFT_VERSION = 4.2;
				TARGETED_DEVICE_FAMILY = "1,2";
				TEST_TARGET_NAME = MVCExample;
			};
			name = Debug;
		};
		16DE8F82217CC3FD004FD916 /* Release */ = {
			isa = XCBuildConfiguration;
			baseConfigurationReference = AEDDCCBC0AA6B8F48DCF576F /* Pods-MVCExampleUITests.release.xcconfig */;
			buildSettings = {
				ALWAYS_EMBED_SWIFT_STANDARD_LIBRARIES = YES;
				CODE_SIGN_STYLE = Automatic;
				INFOPLIST_FILE = MVCExampleUITests/Info.plist;
				LD_RUNPATH_SEARCH_PATHS = (
					"$(inherited)",
					"@executable_path/Frameworks",
					"@loader_path/Frameworks",
				);
				PRODUCT_BUNDLE_IDENTIFIER = com.tr.MVCExampleUITests;
				PRODUCT_NAME = "$(TARGET_NAME)";
				SWIFT_VERSION = 4.2;
				TARGETED_DEVICE_FAMILY = "1,2";
				TEST_TARGET_NAME = MVCExample;
			};
			name = Release;
		};
/* End XCBuildConfiguration section */

/* Begin XCConfigurationList section */
		16DE8F4A217CC3FB004FD916 /* Build configuration list for PBXProject "MVCExample" */ = {
			isa = XCConfigurationList;
			buildConfigurations = (
				16DE8F78217CC3FD004FD916 /* Debug */,
				16DE8F79217CC3FD004FD916 /* Release */,
			);
			defaultConfigurationIsVisible = 0;
			defaultConfigurationName = Release;
		};
		16DE8F7A217CC3FD004FD916 /* Build configuration list for PBXNativeTarget "MVCExample" */ = {
			isa = XCConfigurationList;
			buildConfigurations = (
				16DE8F7B217CC3FD004FD916 /* Debug */,
				16DE8F7C217CC3FD004FD916 /* Release */,
			);
			defaultConfigurationIsVisible = 0;
			defaultConfigurationName = Release;
		};
		16DE8F7D217CC3FD004FD916 /* Build configuration list for PBXNativeTarget "MVCExampleTests" */ = {
			isa = XCConfigurationList;
			buildConfigurations = (
				16DE8F7E217CC3FD004FD916 /* Debug */,
				16DE8F7F217CC3FD004FD916 /* Release */,
			);
			defaultConfigurationIsVisible = 0;
			defaultConfigurationName = Release;
		};
		16DE8F80217CC3FD004FD916 /* Build configuration list for PBXNativeTarget "MVCExampleUITests" */ = {
			isa = XCConfigurationList;
			buildConfigurations = (
				16DE8F81217CC3FD004FD916 /* Debug */,
				16DE8F82217CC3FD004FD916 /* Release */,
			);
			defaultConfigurationIsVisible = 0;
			defaultConfigurationName = Release;
		};
/* End XCConfigurationList section */

/* Begin XCVersionGroup section */
		16DE8F59217CC3FB004FD916 /* MVCExample.xcdatamodeld */ = {
			isa = XCVersionGroup;
			children = (
				16DE8F5A217CC3FB004FD916 /* MVCExample.xcdatamodel */,
			);
			currentVersion = 16DE8F5A217CC3FB004FD916 /* MVCExample.xcdatamodel */;
			path = MVCExample.xcdatamodeld;
			sourceTree = "<group>";
			versionGroupType = wrapper.xcdatamodel;
		};
/* End XCVersionGroup section */
	};
	rootObject = 16DE8F47217CC3FB004FD916 /* Project object */;
}
